// !$*UTF8*$!
{
	archiveVersion = 1;
	classes = {
	};
	objectVersion = 56;
	objects = {

/* Begin PBXBuildFile section */
		A1000001A /* HomecastApp.swift in Sources */ = {isa = PBXBuildFile; fileRef = A1000001F /* HomecastApp.swift */; };
		A1000002A /* AppDelegate.swift in Sources */ = {isa = PBXBuildFile; fileRef = A1000002F /* AppDelegate.swift */; };
		A1000003A /* ConnectionManager.swift in Sources */ = {isa = PBXBuildFile; fileRef = A1000003F /* ConnectionManager.swift */; };
		A1000004A /* HomeKitManager.swift in Sources */ = {isa = PBXBuildFile; fileRef = A1000004F /* HomeKitManager.swift */; };
		A1000005A /* Models.swift in Sources */ = {isa = PBXBuildFile; fileRef = A1000005F /* Models.swift */; };
		A1000006A /* CharacteristicMapper.swift in Sources */ = {isa = PBXBuildFile; fileRef = A1000006F /* CharacteristicMapper.swift */; };
		A1000007A /* WebSocketClient.swift in Sources */ = {isa = PBXBuildFile; fileRef = A1000007F /* WebSocketClient.swift */; };
		A1000008A /* SimpleHTTPServer.swift in Sources */ = {isa = PBXBuildFile; fileRef = A1000022F /* SimpleHTTPServer.swift */; };
		A1000009A /* LogManager.swift in Sources */ = {isa = PBXBuildFile; fileRef = A1000023F /* LogManager.swift */; };
		A1000010A /* HomeKit.framework in Frameworks */ = {isa = PBXBuildFile; fileRef = A1000010F /* HomeKit.framework */; };
		A1000011A /* UIKit.framework in Frameworks */ = {isa = PBXBuildFile; fileRef = A1000011F /* UIKit.framework */; };
		A1000020A /* MenuBarPlugin.swift in Sources */ = {isa = PBXBuildFile; fileRef = A1000020F /* MenuBarPlugin.swift */; };
		A1000021A /* AppKit.framework in Frameworks */ = {isa = PBXBuildFile; fileRef = A1000012F /* AppKit.framework */; };
		A1000024A /* Assets.xcassets in Resources */ = {isa = PBXBuildFile; fileRef = A1000024F /* Assets.xcassets */; };
		A1000030A /* MenuBarPlugin.bundle in Embed PlugIns */ = {isa = PBXBuildFile; fileRef = A2000000P /* MenuBarPlugin.bundle */; settings = {ATTRIBUTES = (CodeSignOnCopy, RemoveHeadersOnCopy, ); }; };
/* End PBXBuildFile section */

/* Begin PBXContainerItemProxy section */
		A1000040P /* PBXContainerItemProxy */ = {
			isa = PBXContainerItemProxy;
			containerPortal = A0000000P /* Project object */;
			proxyType = 1;
			remoteGlobalIDString = A2000000T;
			remoteInfo = MenuBarPlugin;
		};
/* End PBXContainerItemProxy section */

/* Begin PBXCopyFilesBuildPhase section */
		A1000050P /* Embed PlugIns */ = {
			isa = PBXCopyFilesBuildPhase;
			buildActionMask = 2147483647;
			dstPath = "";
			dstSubfolderSpec = 13;
			files = (
				A1000030A /* MenuBarPlugin.bundle in Embed PlugIns */,
			);
			name = "Embed PlugIns";
			runOnlyForDeploymentPostprocessing = 0;
		};
/* End PBXCopyFilesBuildPhase section */

/* Begin PBXFileReference section */
		A1000001F /* HomecastApp.swift */ = {isa = PBXFileReference; lastKnownFileType = sourcecode.swift; path = HomecastApp.swift; sourceTree = "<group>"; };
		A1000002F /* AppDelegate.swift */ = {isa = PBXFileReference; lastKnownFileType = sourcecode.swift; path = AppDelegate.swift; sourceTree = "<group>"; };
		A1000003F /* ConnectionManager.swift */ = {isa = PBXFileReference; lastKnownFileType = sourcecode.swift; path = ConnectionManager.swift; sourceTree = "<group>"; };
		A1000004F /* HomeKitManager.swift */ = {isa = PBXFileReference; lastKnownFileType = sourcecode.swift; path = HomeKitManager.swift; sourceTree = "<group>"; };
		A1000005F /* Models.swift */ = {isa = PBXFileReference; lastKnownFileType = sourcecode.swift; path = Models.swift; sourceTree = "<group>"; };
		A1000006F /* CharacteristicMapper.swift */ = {isa = PBXFileReference; lastKnownFileType = sourcecode.swift; path = CharacteristicMapper.swift; sourceTree = "<group>"; };
		A1000007F /* WebSocketClient.swift */ = {isa = PBXFileReference; lastKnownFileType = sourcecode.swift; path = WebSocketClient.swift; sourceTree = "<group>"; };
		A1000008F /* Info.plist */ = {isa = PBXFileReference; lastKnownFileType = text.plist.xml; path = Info.plist; sourceTree = "<group>"; };
		A1000009F /* Homecast.entitlements */ = {isa = PBXFileReference; lastKnownFileType = text.plist.entitlements; path = Homecast.entitlements; sourceTree = "<group>"; };
		A1000010F /* HomeKit.framework */ = {isa = PBXFileReference; lastKnownFileType = wrapper.framework; name = HomeKit.framework; path = System/Library/Frameworks/HomeKit.framework; sourceTree = SDKROOT; };
		A1000011F /* UIKit.framework */ = {isa = PBXFileReference; lastKnownFileType = wrapper.framework; name = UIKit.framework; path = System/Library/Frameworks/UIKit.framework; sourceTree = SDKROOT; };
		A1000012F /* AppKit.framework */ = {isa = PBXFileReference; lastKnownFileType = wrapper.framework; name = AppKit.framework; path = System/Library/Frameworks/AppKit.framework; sourceTree = SDKROOT; };
		A1000020F /* MenuBarPlugin.swift */ = {isa = PBXFileReference; lastKnownFileType = sourcecode.swift; path = MenuBarPlugin.swift; sourceTree = "<group>"; };
		A1000021F /* Info.plist */ = {isa = PBXFileReference; lastKnownFileType = text.plist.xml; path = Info.plist; sourceTree = "<group>"; };
		A1000022F /* SimpleHTTPServer.swift */ = {isa = PBXFileReference; lastKnownFileType = sourcecode.swift; path = SimpleHTTPServer.swift; sourceTree = "<group>"; };
		A1000023F /* LogManager.swift */ = {isa = PBXFileReference; lastKnownFileType = sourcecode.swift; path = LogManager.swift; sourceTree = "<group>"; };
		A1000024F /* Assets.xcassets */ = {isa = PBXFileReference; lastKnownFileType = folder.assetcatalog; path = Assets.xcassets; sourceTree = "<group>"; };
		A2000000P /* MenuBarPlugin.bundle */ = {isa = PBXFileReference; explicitFileType = wrapper.cfbundle; includeInIndex = 0; path = MenuBarPlugin.bundle; sourceTree = BUILT_PRODUCTS_DIR; };
		A3000000P /* Homecast.app */ = {isa = PBXFileReference; explicitFileType = wrapper.application; includeInIndex = 0; path = Homecast.app; sourceTree = BUILT_PRODUCTS_DIR; };
/* End PBXFileReference section */

/* Begin PBXFrameworksBuildPhase section */
		A1000060P /* Frameworks */ = {
			isa = PBXFrameworksBuildPhase;
			buildActionMask = 2147483647;
			files = (
				A1000010A /* HomeKit.framework in Frameworks */,
				A1000011A /* UIKit.framework in Frameworks */,
			);
			runOnlyForDeploymentPostprocessing = 0;
		};
		A1000061P /* Frameworks */ = {
			isa = PBXFrameworksBuildPhase;
			buildActionMask = 2147483647;
			files = (
				A1000021A /* AppKit.framework in Frameworks */,
			);
			runOnlyForDeploymentPostprocessing = 0;
		};
/* End PBXFrameworksBuildPhase section */

/* Begin PBXGroup section */
		A0000001G = {
			isa = PBXGroup;
			children = (
				A0000002G /* Sources */,
				A0000003G /* Resources */,
				A0000004G /* Frameworks */,
				A0000005G /* Products */,
			);
			sourceTree = "<group>";
		};
		A0000002G /* Sources */ = {
			isa = PBXGroup;
			children = (
				A0000006G /* App */,
				A0000007G /* HomeKit */,
				A0000008G /* WebSocket */,
				A0000009G /* MenuBarPlugin */,
			);
			path = Sources;
			sourceTree = "<group>";
		};
		A0000003G /* Resources */ = {
			isa = PBXGroup;
			children = (
				A1000024F /* Assets.xcassets */,
				A1000008F /* Info.plist */,
				A1000009F /* Homecast.entitlements */,
			);
			path = Resources;
			sourceTree = "<group>";
		};
		A0000004G /* Frameworks */ = {
			isa = PBXGroup;
			children = (
				A1000010F /* HomeKit.framework */,
				A1000011F /* UIKit.framework */,
				A1000012F /* AppKit.framework */,
			);
			name = Frameworks;
			sourceTree = "<group>";
		};
		A0000005G /* Products */ = {
			isa = PBXGroup;
			children = (
				A3000000P /* Homecast.app */,
				A2000000P /* MenuBarPlugin.bundle */,
			);
			name = Products;
			sourceTree = "<group>";
		};
		A0000006G /* App */ = {
			isa = PBXGroup;
			children = (
				A1000001F /* HomecastApp.swift */,
				A1000002F /* AppDelegate.swift */,
				A1000003F /* ConnectionManager.swift */,
				A1000022F /* SimpleHTTPServer.swift */,
				A1000023F /* LogManager.swift */,
			);
			path = App;
			sourceTree = "<group>";
		};
		A0000007G /* HomeKit */ = {
			isa = PBXGroup;
			children = (
				A1000004F /* HomeKitManager.swift */,
				A1000005F /* Models.swift */,
				A1000006F /* CharacteristicMapper.swift */,
			);
			path = HomeKit;
			sourceTree = "<group>";
		};
		A0000008G /* WebSocket */ = {
			isa = PBXGroup;
			children = (
				A1000007F /* WebSocketClient.swift */,
			);
			path = WebSocket;
			sourceTree = "<group>";
		};
		A0000009G /* MenuBarPlugin */ = {
			isa = PBXGroup;
			children = (
				A1000020F /* MenuBarPlugin.swift */,
				A1000021F /* Info.plist */,
			);
			path = MenuBarPlugin;
			sourceTree = "<group>";
		};
/* End PBXGroup section */

/* Begin PBXNativeTarget section */
		A1000000T /* Homecast */ = {
			isa = PBXNativeTarget;
			buildConfigurationList = A1000080L /* Build configuration list for PBXNativeTarget "Homecast" */;
			buildPhases = (
				A1000070P /* Sources */,
				A1000062P /* Resources */,
				A1000060P /* Frameworks */,
				A1000050P /* Embed PlugIns */,
			);
			buildRules = (
			);
			dependencies = (
				A1000041D /* PBXTargetDependency */,
			);
			name = Homecast;
			productName = HomeCast;
			productReference = A3000000P /* Homecast.app */;
			productType = "com.apple.product-type.application";
		};
		A2000000T /* MenuBarPlugin */ = {
			isa = PBXNativeTarget;
			buildConfigurationList = A2000080L /* Build configuration list for PBXNativeTarget "MenuBarPlugin" */;
			buildPhases = (
				A2000070P /* Sources */,
				A1000061P /* Frameworks */,
			);
			buildRules = (
			);
			dependencies = (
			);
			name = MenuBarPlugin;
			productName = MenuBarPlugin;
			productReference = A2000000P /* MenuBarPlugin.bundle */;
			productType = "com.apple.product-type.bundle";
		};
/* End PBXNativeTarget section */

/* Begin PBXProject section */
		A0000000P /* Project object */ = {
			isa = PBXProject;
			attributes = {
				BuildIndependentTargetsInParallel = YES;
				LastUpgradeCheck = 2620;
				TargetAttributes = {
					A1000000T = {
						CreatedOnToolsVersion = 15.0;
					};
					A2000000T = {
						CreatedOnToolsVersion = 15.0;
					};
				};
			};
			buildConfigurationList = A0000080L /* Build configuration list for PBXProject "Homecast" */;
			compatibilityVersion = "Xcode 14.0";
			developmentRegion = en;
			hasScannedForEncodings = 0;
			knownRegions = (
				en,
				Base,
			);
			mainGroup = A0000001G;
			productRefGroup = A0000005G /* Products */;
			projectDirPath = "";
			projectRoot = "";
			targets = (
				A1000000T /* Homecast */,
				A2000000T /* MenuBarPlugin */,
			);
		};
/* End PBXProject section */

/* Begin PBXResourcesBuildPhase section */
		A1000062P /* Resources */ = {
			isa = PBXResourcesBuildPhase;
			buildActionMask = 2147483647;
			files = (
				A1000024A /* Assets.xcassets in Resources */,
			);
			runOnlyForDeploymentPostprocessing = 0;
		};
/* End PBXResourcesBuildPhase section */

/* Begin PBXSourcesBuildPhase section */
		A1000070P /* Sources */ = {
			isa = PBXSourcesBuildPhase;
			buildActionMask = 2147483647;
			files = (
				A1000001A /* HomecastApp.swift in Sources */,
				A1000002A /* AppDelegate.swift in Sources */,
				A1000003A /* ConnectionManager.swift in Sources */,
				A1000004A /* HomeKitManager.swift in Sources */,
				A1000005A /* Models.swift in Sources */,
				A1000006A /* CharacteristicMapper.swift in Sources */,
				A1000007A /* WebSocketClient.swift in Sources */,
				A1000008A /* SimpleHTTPServer.swift in Sources */,
				A1000009A /* LogManager.swift in Sources */,
			);
			runOnlyForDeploymentPostprocessing = 0;
		};
		A2000070P /* Sources */ = {
			isa = PBXSourcesBuildPhase;
			buildActionMask = 2147483647;
			files = (
				A1000020A /* MenuBarPlugin.swift in Sources */,
			);
			runOnlyForDeploymentPostprocessing = 0;
		};
/* End PBXSourcesBuildPhase section */

/* Begin PBXTargetDependency section */
		A1000041D /* PBXTargetDependency */ = {
			isa = PBXTargetDependency;
			target = A2000000T /* MenuBarPlugin */;
			targetProxy = A1000040P /* PBXContainerItemProxy */;
		};
/* End PBXTargetDependency section */

/* Begin XCBuildConfiguration section */
		A0000081C /* Debug */ = {
			isa = XCBuildConfiguration;
			buildSettings = {
				ALWAYS_SEARCH_USER_PATHS = NO;
				CLANG_ANALYZER_NONNULL = YES;
				CLANG_CXX_LANGUAGE_STANDARD = "gnu++20";
				CLANG_ENABLE_MODULES = YES;
				CLANG_ENABLE_OBJC_ARC = YES;
				CLANG_WARN_BLOCK_CAPTURE_AUTORELEASING = YES;
				CLANG_WARN_BOOL_CONVERSION = YES;
				CLANG_WARN_COMMA = YES;
				CLANG_WARN_CONSTANT_CONVERSION = YES;
				CLANG_WARN_DEPRECATED_OBJC_IMPLEMENTATIONS = YES;
				CLANG_WARN_DIRECT_OBJC_ISA_USAGE = YES_ERROR;
				CLANG_WARN_DOCUMENTATION_COMMENTS = YES;
				CLANG_WARN_EMPTY_BODY = YES;
				CLANG_WARN_ENUM_CONVERSION = YES;
				CLANG_WARN_INFINITE_RECURSION = YES;
				CLANG_WARN_INT_CONVERSION = YES;
				CLANG_WARN_NON_LITERAL_NULL_CONVERSION = YES;
				CLANG_WARN_OBJC_IMPLICIT_RETAIN_SELF = YES;
				CLANG_WARN_OBJC_LITERAL_CONVERSION = YES;
				CLANG_WARN_OBJC_ROOT_CLASS = YES_ERROR;
				CLANG_WARN_QUOTED_INCLUDE_IN_FRAMEWORK_HEADER = YES;
				CLANG_WARN_RANGE_LOOP_ANALYSIS = YES;
				CLANG_WARN_STRICT_PROTOTYPES = YES;
				CLANG_WARN_SUSPICIOUS_MOVE = YES;
				CLANG_WARN_UNGUARDED_AVAILABILITY = YES_AGGRESSIVE;
				CLANG_WARN_UNREACHABLE_CODE = YES;
				CLANG_WARN__DUPLICATE_METHOD_MATCH = YES;
				COPY_PHASE_STRIP = NO;
				DEAD_CODE_STRIPPING = YES;
				DEBUG_INFORMATION_FORMAT = dwarf;
				ENABLE_STRICT_OBJC_MSGSEND = YES;
				ENABLE_TESTABILITY = YES;
				ENABLE_USER_SCRIPT_SANDBOXING = YES;
				GCC_C_LANGUAGE_STANDARD = gnu11;
				GCC_DYNAMIC_NO_PIC = NO;
				GCC_NO_COMMON_BLOCKS = YES;
				GCC_OPTIMIZATION_LEVEL = 0;
				GCC_WARN_64_TO_32_BIT_CONVERSION = YES;
				GCC_WARN_ABOUT_RETURN_TYPE = YES_ERROR;
				GCC_WARN_UNDECLARED_SELECTOR = YES;
				GCC_WARN_UNINITIALIZED_AUTOS = YES_AGGRESSIVE;
				GCC_WARN_UNUSED_FUNCTION = YES;
				GCC_WARN_UNUSED_VARIABLE = YES;
				MTL_ENABLE_DEBUG_INFO = INCLUDE_SOURCE;
				MTL_FAST_MATH = YES;
				ONLY_ACTIVE_ARCH = YES;
				STRING_CATALOG_GENERATE_SYMBOLS = YES;
				SWIFT_ACTIVE_COMPILATION_CONDITIONS = DEBUG;
				SWIFT_OPTIMIZATION_LEVEL = "-Onone";
			};
			name = Debug;
		};
		A0000082C /* Release */ = {
			isa = XCBuildConfiguration;
			buildSettings = {
				ALWAYS_SEARCH_USER_PATHS = NO;
				CLANG_ANALYZER_NONNULL = YES;
				CLANG_CXX_LANGUAGE_STANDARD = "gnu++20";
				CLANG_ENABLE_MODULES = YES;
				CLANG_ENABLE_OBJC_ARC = YES;
				CLANG_WARN_BLOCK_CAPTURE_AUTORELEASING = YES;
				CLANG_WARN_BOOL_CONVERSION = YES;
				CLANG_WARN_COMMA = YES;
				CLANG_WARN_CONSTANT_CONVERSION = YES;
				CLANG_WARN_DEPRECATED_OBJC_IMPLEMENTATIONS = YES;
				CLANG_WARN_DIRECT_OBJC_ISA_USAGE = YES_ERROR;
				CLANG_WARN_DOCUMENTATION_COMMENTS = YES;
				CLANG_WARN_EMPTY_BODY = YES;
				CLANG_WARN_ENUM_CONVERSION = YES;
				CLANG_WARN_INFINITE_RECURSION = YES;
				CLANG_WARN_INT_CONVERSION = YES;
				CLANG_WARN_NON_LITERAL_NULL_CONVERSION = YES;
				CLANG_WARN_OBJC_IMPLICIT_RETAIN_SELF = YES;
				CLANG_WARN_OBJC_LITERAL_CONVERSION = YES;
				CLANG_WARN_OBJC_ROOT_CLASS = YES_ERROR;
				CLANG_WARN_QUOTED_INCLUDE_IN_FRAMEWORK_HEADER = YES;
				CLANG_WARN_RANGE_LOOP_ANALYSIS = YES;
				CLANG_WARN_STRICT_PROTOTYPES = YES;
				CLANG_WARN_SUSPICIOUS_MOVE = YES;
				CLANG_WARN_UNGUARDED_AVAILABILITY = YES_AGGRESSIVE;
				CLANG_WARN_UNREACHABLE_CODE = YES;
				CLANG_WARN__DUPLICATE_METHOD_MATCH = YES;
				COPY_PHASE_STRIP = NO;
				DEAD_CODE_STRIPPING = YES;
				DEBUG_INFORMATION_FORMAT = "dwarf-with-dsym";
				ENABLE_NS_ASSERTIONS = NO;
				ENABLE_STRICT_OBJC_MSGSEND = YES;
				ENABLE_USER_SCRIPT_SANDBOXING = YES;
				GCC_C_LANGUAGE_STANDARD = gnu11;
				GCC_NO_COMMON_BLOCKS = YES;
				GCC_WARN_64_TO_32_BIT_CONVERSION = YES;
				GCC_WARN_ABOUT_RETURN_TYPE = YES_ERROR;
				GCC_WARN_UNDECLARED_SELECTOR = YES;
				GCC_WARN_UNINITIALIZED_AUTOS = YES_AGGRESSIVE;
				GCC_WARN_UNUSED_FUNCTION = YES;
				GCC_WARN_UNUSED_VARIABLE = YES;
				MTL_ENABLE_DEBUG_INFO = NO;
				MTL_FAST_MATH = YES;
				STRING_CATALOG_GENERATE_SYMBOLS = YES;
				SWIFT_COMPILATION_MODE = wholemodule;
				SWIFT_OPTIMIZATION_LEVEL = "-O";
			};
			name = Release;
		};
		A1000081C /* Debug */ = {
			isa = XCBuildConfiguration;
			buildSettings = {
				ASSETCATALOG_COMPILER_APPICON_NAME = AppIcon;
				CODE_SIGN_ENTITLEMENTS = Resources/HomeCast.entitlements;
				CODE_SIGN_STYLE = Automatic;
				CURRENT_PROJECT_VERSION = 1;
				DERIVE_MACCATALYST_PRODUCT_BUNDLE_IDENTIFIER = NO;
				DEVELOPMENT_TEAM = 3HMH4559WD;
				ENABLE_APP_SANDBOX = YES;
				ENABLE_INCOMING_NETWORK_CONNECTIONS = YES;
				ENABLE_OUTGOING_NETWORK_CONNECTIONS = YES;
				GENERATE_INFOPLIST_FILE = NO;
				INFOPLIST_FILE = Resources/Info.plist;
				INFOPLIST_KEY_UIApplicationSupportsIndirectInputEvents = YES;
				INFOPLIST_KEY_UILaunchScreen_Generation = YES;
				IPHONEOS_DEPLOYMENT_TARGET = 16.0;
				LD_RUNPATH_SEARCH_PATHS = (
					"$(inherited)",
					"@executable_path/Frameworks",
				);
				MARKETING_VERSION = 1.0.0;
				PRODUCT_BUNDLE_IDENTIFIER = cloud.homecast.app;
				PRODUCT_NAME = "$(TARGET_NAME)";
				SDKROOT = iphoneos;
				SUPPORTS_MACCATALYST = YES;
				SWIFT_EMIT_LOC_STRINGS = YES;
				SWIFT_VERSION = 5.0;
				TARGETED_DEVICE_FAMILY = "1,2,6";
			};
			name = Debug;
		};
		A1000082C /* Release */ = {
			isa = XCBuildConfiguration;
			buildSettings = {
				ASSETCATALOG_COMPILER_APPICON_NAME = AppIcon;
				CODE_SIGN_ENTITLEMENTS = Resources/HomeCast.entitlements;
				CODE_SIGN_STYLE = Automatic;
				CURRENT_PROJECT_VERSION = 1;
				DERIVE_MACCATALYST_PRODUCT_BUNDLE_IDENTIFIER = NO;
				DEVELOPMENT_TEAM = 3HMH4559WD;
				ENABLE_APP_SANDBOX = YES;
				ENABLE_INCOMING_NETWORK_CONNECTIONS = YES;
				ENABLE_OUTGOING_NETWORK_CONNECTIONS = YES;
				GENERATE_INFOPLIST_FILE = NO;
				INFOPLIST_FILE = Resources/Info.plist;
				INFOPLIST_KEY_UIApplicationSupportsIndirectInputEvents = YES;
				INFOPLIST_KEY_UILaunchScreen_Generation = YES;
				IPHONEOS_DEPLOYMENT_TARGET = 16.0;
				LD_RUNPATH_SEARCH_PATHS = (
					"$(inherited)",
					"@executable_path/Frameworks",
				);
				MARKETING_VERSION = 1.0.0;
				PRODUCT_BUNDLE_IDENTIFIER = cloud.homecast.app;
				PRODUCT_NAME = "$(TARGET_NAME)";
				SDKROOT = iphoneos;
				SUPPORTS_MACCATALYST = YES;
				SWIFT_EMIT_LOC_STRINGS = YES;
				SWIFT_VERSION = 5.0;
				TARGETED_DEVICE_FAMILY = "1,2,6";
			};
			name = Release;
		};
		A2000081C /* Debug */ = {
			isa = XCBuildConfiguration;
			buildSettings = {
				CODE_SIGN_STYLE = Automatic;
				COMBINE_HIDPI_IMAGES = YES;
				CURRENT_PROJECT_VERSION = 1;
				DEAD_CODE_STRIPPING = YES;
				DEFINES_MODULE = YES;
				ENABLE_MODULE_VERIFIER = YES;
				GENERATE_INFOPLIST_FILE = NO;
				INFOPLIST_FILE = Sources/MenuBarPlugin/Info.plist;
				INSTALL_PATH = "$(LOCAL_LIBRARY_DIR)/Bundles";
				MACOSX_DEPLOYMENT_TARGET = 13.0;
				MARKETING_VERSION = 1.0.0;
				MODULE_VERIFIER_SUPPORTED_LANGUAGE_STANDARDS = "gnu11 gnu++20";
				PRODUCT_BUNDLE_IDENTIFIER = cloud.homecast.app.MenuBarPlugin;
				PRODUCT_NAME = "$(TARGET_NAME)";
				SDKROOT = macosx;
				SKIP_INSTALL = YES;
				SWIFT_EMIT_LOC_STRINGS = YES;
				SWIFT_VERSION = 5.0;
				WRAPPER_EXTENSION = bundle;
			};
			name = Debug;
		};
		A2000082C /* Release */ = {
			isa = XCBuildConfiguration;
			buildSettings = {
				CODE_SIGN_STYLE = Automatic;
				COMBINE_HIDPI_IMAGES = YES;
				CURRENT_PROJECT_VERSION = 1;
				DEAD_CODE_STRIPPING = YES;
				DEFINES_MODULE = YES;
				ENABLE_MODULE_VERIFIER = YES;
				GENERATE_INFOPLIST_FILE = NO;
				INFOPLIST_FILE = Sources/MenuBarPlugin/Info.plist;
				INSTALL_PATH = "$(LOCAL_LIBRARY_DIR)/Bundles";
				MACOSX_DEPLOYMENT_TARGET = 13.0;
				MARKETING_VERSION = 1.0.0;
				MODULE_VERIFIER_SUPPORTED_LANGUAGE_STANDARDS = "gnu11 gnu++20";
				PRODUCT_BUNDLE_IDENTIFIER = cloud.homecast.app.MenuBarPlugin;
				PRODUCT_NAME = "$(TARGET_NAME)";
				SDKROOT = macosx;
				SKIP_INSTALL = YES;
				SWIFT_EMIT_LOC_STRINGS = YES;
				SWIFT_VERSION = 5.0;
				WRAPPER_EXTENSION = bundle;
			};
			name = Release;
		};
/* End XCBuildConfiguration section */

/* Begin XCConfigurationList section */
		A0000080L /* Build configuration list for PBXProject "Homecast" */ = {
			isa = XCConfigurationList;
			buildConfigurations = (
				A0000081C /* Debug */,
				A0000082C /* Release */,
			);
			defaultConfigurationIsVisible = 0;
			defaultConfigurationName = Release;
		};
		A1000080L /* Build configuration list for PBXNativeTarget "Homecast" */ = {
			isa = XCConfigurationList;
			buildConfigurations = (
				A1000081C /* Debug */,
				A1000082C /* Release */,
			);
			defaultConfigurationIsVisible = 0;
			defaultConfigurationName = Release;
		};
		A2000080L /* Build configuration list for PBXNativeTarget "MenuBarPlugin" */ = {
			isa = XCConfigurationList;
			buildConfigurations = (
				A2000081C /* Debug */,
				A2000082C /* Release */,
			);
			defaultConfigurationIsVisible = 0;
			defaultConfigurationName = Release;
		};
/* End XCConfigurationList section */
	};
	rootObject = A0000000P /* Project object */;
}
